// !$*UTF8*$!
{
	archiveVersion = 1;
	classes = {
	};
	objectVersion = 46;
	objects = {

/* Begin PBXBuildFile section */
		4C7F6719160ACB2000F7142F /* UIKit.framework in Frameworks */ = {isa = PBXBuildFile; fileRef = 4C7F6718160ACB2000F7142F /* UIKit.framework */; };
		4C7F671B160ACB2000F7142F /* Foundation.framework in Frameworks */ = {isa = PBXBuildFile; fileRef = 4C7F671A160ACB2000F7142F /* Foundation.framework */; };
		4C7F671D160ACB2000F7142F /* CoreGraphics.framework in Frameworks */ = {isa = PBXBuildFile; fileRef = 4C7F671C160ACB2000F7142F /* CoreGraphics.framework */; };
		4C7F6723160ACB2000F7142F /* InfoPlist.strings in Resources */ = {isa = PBXBuildFile; fileRef = 4C7F6721160ACB2000F7142F /* InfoPlist.strings */; };
		4C7F6725160ACB2000F7142F /* main.m in Sources */ = {isa = PBXBuildFile; fileRef = 4C7F6724160ACB2000F7142F /* main.m */; };
		4C7F6729160ACB2000F7142F /* CalculatorAppDelegate.m in Sources */ = {isa = PBXBuildFile; fileRef = 4C7F6728160ACB2000F7142F /* CalculatorAppDelegate.m */; };
		4C7F672C160ACB2000F7142F /* MainStoryboard.storyboard in Resources */ = {isa = PBXBuildFile; fileRef = 4C7F672A160ACB2000F7142F /* MainStoryboard.storyboard */; };
		4C7F672F160ACB2000F7142F /* CalculatorViewController.m in Sources */ = {isa = PBXBuildFile; fileRef = 4C7F672E160ACB2000F7142F /* CalculatorViewController.m */; };
		4C7F6737160AD5EB00F7142F /* CalculatorModel.m in Sources */ = {isa = PBXBuildFile; fileRef = 4C7F6736160AD5EB00F7142F /* CalculatorModel.m */; };
/* End PBXBuildFile section */

/* Begin PBXFileReference section */
		4C7F6714160ACB2000F7142F /* Calculator.app */ = {isa = PBXFileReference; explicitFileType = wrapper.application; includeInIndex = 0; path = Calculator.app; sourceTree = BUILT_PRODUCTS_DIR; };
		4C7F6718160ACB2000F7142F /* UIKit.framework */ = {isa = PBXFileReference; lastKnownFileType = wrapper.framework; name = UIKit.framework; path = System/Library/Frameworks/UIKit.framework; sourceTree = SDKROOT; };
		4C7F671A160ACB2000F7142F /* Foundation.framework */ = {isa = PBXFileReference; lastKnownFileType = wrapper.framework; name = Foundation.framework; path = System/Library/Frameworks/Foundation.framework; sourceTree = SDKROOT; };
		4C7F671C160ACB2000F7142F /* CoreGraphics.framework */ = {isa = PBXFileReference; lastKnownFileType = wrapper.framework; name = CoreGraphics.framework; path = System/Library/Frameworks/CoreGraphics.framework; sourceTree = SDKROOT; };
		4C7F6720160ACB2000F7142F /* Calculator-Info.plist */ = {isa = PBXFileReference; lastKnownFileType = text.plist.xml; path = "Calculator-Info.plist"; sourceTree = "<group>"; };
		4C7F6722160ACB2000F7142F /* en */ = {isa = PBXFileReference; lastKnownFileType = text.plist.strings; name = en; path = en.lproj/InfoPlist.strings; sourceTree = "<group>"; };
		4C7F6724160ACB2000F7142F /* main.m */ = {isa = PBXFileReference; lastKnownFileType = sourcecode.c.objc; path = main.m; sourceTree = "<group>"; };
		4C7F6726160ACB2000F7142F /* Calculator-Prefix.pch */ = {isa = PBXFileReference; lastKnownFileType = sourcecode.c.h; path = "Calculator-Prefix.pch"; sourceTree = "<group>"; };
		4C7F6727160ACB2000F7142F /* CalculatorAppDelegate.h */ = {isa = PBXFileReference; lastKnownFileType = sourcecode.c.h; path = CalculatorAppDelegate.h; sourceTree = "<group>"; };
		4C7F6728160ACB2000F7142F /* CalculatorAppDelegate.m */ = {isa = PBXFileReference; lastKnownFileType = sourcecode.c.objc; path = CalculatorAppDelegate.m; sourceTree = "<group>"; };
		4C7F672B160ACB2000F7142F /* en */ = {isa = PBXFileReference; lastKnownFileType = file.storyboard; name = en; path = en.lproj/MainStoryboard.storyboard; sourceTree = "<group>"; };
		4C7F672D160ACB2000F7142F /* CalculatorViewController.h */ = {isa = PBXFileReference; lastKnownFileType = sourcecode.c.h; path = CalculatorViewController.h; sourceTree = "<group>"; };
		4C7F672E160ACB2000F7142F /* CalculatorViewController.m */ = {isa = PBXFileReference; lastKnownFileType = sourcecode.c.objc; path = CalculatorViewController.m; sourceTree = "<group>"; };
		4C7F6735160AD5EB00F7142F /* CalculatorModel.h */ = {isa = PBXFileReference; fileEncoding = 4; lastKnownFileType = sourcecode.c.h; path = CalculatorModel.h; sourceTree = "<group>"; };
		4C7F6736160AD5EB00F7142F /* CalculatorModel.m */ = {isa = PBXFileReference; fileEncoding = 4; lastKnownFileType = sourcecode.c.objc; path = CalculatorModel.m; sourceTree = "<group>"; };
/* End PBXFileReference section */

/* Begin PBXFrameworksBuildPhase section */
		4C7F6711160ACB2000F7142F /* Frameworks */ = {
			isa = PBXFrameworksBuildPhase;
			buildActionMask = 2147483647;
			files = (
				4C7F6719160ACB2000F7142F /* UIKit.framework in Frameworks */,
				4C7F671B160ACB2000F7142F /* Foundation.framework in Frameworks */,
				4C7F671D160ACB2000F7142F /* CoreGraphics.framework in Frameworks */,
			);
			runOnlyForDeploymentPostprocessing = 0;
		};
/* End PBXFrameworksBuildPhase section */

/* Begin PBXGroup section */
		4C7F6709160ACB2000F7142F = {
			isa = PBXGroup;
			children = (
				4C7F671E160ACB2000F7142F /* Calculator */,
				4C7F6717160ACB2000F7142F /* Frameworks */,
				4C7F6715160ACB2000F7142F /* Products */,
			);
			sourceTree = "<group>";
		};
		4C7F6715160ACB2000F7142F /* Products */ = {
			isa = PBXGroup;
			children = (
				4C7F6714160ACB2000F7142F /* Calculator.app */,
			);
			name = Products;
			sourceTree = "<group>";
		};
		4C7F6717160ACB2000F7142F /* Frameworks */ = {
			isa = PBXGroup;
			children = (
				4C7F6718160ACB2000F7142F /* UIKit.framework */,
				4C7F671A160ACB2000F7142F /* Foundation.framework */,
				4C7F671C160ACB2000F7142F /* CoreGraphics.framework */,
			);
			name = Frameworks;
			sourceTree = "<group>";
		};
		4C7F671E160ACB2000F7142F /* Calculator */ = {
			isa = PBXGroup;
			children = (
				4C7F6727160ACB2000F7142F /* CalculatorAppDelegate.h */,
				4C7F6728160ACB2000F7142F /* CalculatorAppDelegate.m */,
				4C7F672A160ACB2000F7142F /* MainStoryboard.storyboard */,
				4C7F6735160AD5EB00F7142F /* CalculatorModel.h */,
				4C7F6736160AD5EB00F7142F /* CalculatorModel.m */,
				4C7F672D160ACB2000F7142F /* CalculatorViewController.h */,
				4C7F672E160ACB2000F7142F /* CalculatorViewController.m */,
				4C7F671F160ACB2000F7142F /* Supporting Files */,
			);
			path = Calculator;
			sourceTree = "<group>";
		};
		4C7F671F160ACB2000F7142F /* Supporting Files */ = {
			isa = PBXGroup;
			children = (
				4C7F6720160ACB2000F7142F /* Calculator-Info.plist */,
				4C7F6721160ACB2000F7142F /* InfoPlist.strings */,
				4C7F6724160ACB2000F7142F /* main.m */,
				4C7F6726160ACB2000F7142F /* Calculator-Prefix.pch */,
			);
			name = "Supporting Files";
			sourceTree = "<group>";
		};
/* End PBXGroup section */

/* Begin PBXNativeTarget section */
		4C7F6713160ACB2000F7142F /* Calculator */ = {
			isa = PBXNativeTarget;
			buildConfigurationList = 4C7F6732160ACB2000F7142F /* Build configuration list for PBXNativeTarget "Calculator" */;
			buildPhases = (
				4C7F6710160ACB2000F7142F /* Sources */,
				4C7F6711160ACB2000F7142F /* Frameworks */,
				4C7F6712160ACB2000F7142F /* Resources */,
			);
			buildRules = (
			);
			dependencies = (
			);
			name = Calculator;
			productName = Calculator;
			productReference = 4C7F6714160ACB2000F7142F /* Calculator.app */;
			productType = "com.apple.product-type.application";
		};
/* End PBXNativeTarget section */

/* Begin PBXProject section */
		4C7F670B160ACB2000F7142F /* Project object */ = {
			isa = PBXProject;
			attributes = {
				CLASSPREFIX = Calculator;
				LastUpgradeCheck = 0440;
				ORGANIZATIONNAME = "Brian G. Butterfield";
			};
			buildConfigurationList = 4C7F670E160ACB2000F7142F /* Build configuration list for PBXProject "Calculator" */;
			compatibilityVersion = "Xcode 3.2";
			developmentRegion = English;
			hasScannedForEncodings = 0;
			knownRegions = (
				en,
			);
			mainGroup = 4C7F6709160ACB2000F7142F;
			productRefGroup = 4C7F6715160ACB2000F7142F /* Products */;
			projectDirPath = "";
			projectRoot = "";
			targets = (
				4C7F6713160ACB2000F7142F /* Calculator */,
			);
		};
/* End PBXProject section */

/* Begin PBXResourcesBuildPhase section */
		4C7F6712160ACB2000F7142F /* Resources */ = {
			isa = PBXResourcesBuildPhase;
			buildActionMask = 2147483647;
			files = (
				4C7F6723160ACB2000F7142F /* InfoPlist.strings in Resources */,
				4C7F672C160ACB2000F7142F /* MainStoryboard.storyboard in Resources */,
			);
			runOnlyForDeploymentPostprocessing = 0;
		};
/* End PBXResourcesBuildPhase section */

/* Begin PBXSourcesBuildPhase section */
		4C7F6710160ACB2000F7142F /* Sources */ = {
			isa = PBXSourcesBuildPhase;
			buildActionMask = 2147483647;
			files = (
				4C7F6725160ACB2000F7142F /* main.m in Sources */,
				4C7F6729160ACB2000F7142F /* CalculatorAppDelegate.m in Sources */,
				4C7F672F160ACB2000F7142F /* CalculatorViewController.m in Sources */,
				4C7F6737160AD5EB00F7142F /* CalculatorModel.m in Sources */,
			);
			runOnlyForDeploymentPostprocessing = 0;
		};
/* End PBXSourcesBuildPhase section */

/* Begin PBXVariantGroup section */
		4C7F6721160ACB2000F7142F /* InfoPlist.strings */ = {
			isa = PBXVariantGroup;
			children = (
				4C7F6722160ACB2000F7142F /* en */,
			);
			name = InfoPlist.strings;
			sourceTree = "<group>";
		};
		4C7F672A160ACB2000F7142F /* MainStoryboard.storyboard */ = {
			isa = PBXVariantGroup;
			children = (
				4C7F672B160ACB2000F7142F /* en */,
			);
			name = MainStoryboard.storyboard;
			sourceTree = "<group>";
		};
/* End PBXVariantGroup section */

/* Begin XCBuildConfiguration section */
		4C7F6730160ACB2000F7142F /* Debug */ = {
			isa = XCBuildConfiguration;
			buildSettings = {
				ALWAYS_SEARCH_USER_PATHS = NO;
				ARCHS = "$(ARCHS_STANDARD_32_BIT)";
				CLANG_CXX_LANGUAGE_STANDARD = "gnu++0x";
				CLANG_ENABLE_OBJC_ARC = YES;
				CLANG_WARN__DUPLICATE_METHOD_MATCH = YES;
				"CODE_SIGN_IDENTITY[sdk=iphoneos*]" = "iPhone Developer";
				COPY_PHASE_STRIP = NO;
				GCC_C_LANGUAGE_STANDARD = gnu99;
				GCC_DYNAMIC_NO_PIC = NO;
				GCC_OPTIMIZATION_LEVEL = 0;
				GCC_PREPROCESSOR_DEFINITIONS = (
					"DEBUG=1",
					"$(inherited)",
				);
				GCC_SYMBOLS_PRIVATE_EXTERN = NO;
				GCC_VERSION = com.apple.compilers.llvm.clang.1_0;
				GCC_WARN_ABOUT_RETURN_TYPE = YES;
				GCC_WARN_UNINITIALIZED_AUTOS = YES;
				GCC_WARN_UNUSED_VARIABLE = YES;
				IPHONEOS_DEPLOYMENT_TARGET = 5.1;
				SDKROOT = iphoneos;
			};
			name = Debug;
		};
		4C7F6731160ACB2000F7142F /* Release */ = {
			isa = XCBuildConfiguration;
			buildSettings = {
				ALWAYS_SEARCH_USER_PATHS = NO;
				ARCHS = "$(ARCHS_STANDARD_32_BIT)";
				CLANG_CXX_LANGUAGE_STANDARD = "gnu++0x";
				CLANG_ENABLE_OBJC_ARC = YES;
				CLANG_WARN__DUPLICATE_METHOD_MATCH = YES;
				"CODE_SIGN_IDENTITY[sdk=iphoneos*]" = "iPhone Developer";
				COPY_PHASE_STRIP = YES;
				GCC_C_LANGUAGE_STANDARD = gnu99;
				GCC_VERSION = com.apple.compilers.llvm.clang.1_0;
				GCC_WARN_ABOUT_RETURN_TYPE = YES;
				GCC_WARN_UNINITIALIZED_AUTOS = YES;
				GCC_WARN_UNUSED_VARIABLE = YES;
				IPHONEOS_DEPLOYMENT_TARGET = 5.1;
				OTHER_CFLAGS = "-DNS_BLOCK_ASSERTIONS=1";
				SDKROOT = iphoneos;
				VALIDATE_PRODUCT = YES;
			};
			name = Release;
		};
		4C7F6733160ACB2000F7142F /* Debug */ = {
			isa = XCBuildConfiguration;
			buildSettings = {
				GCC_PRECOMPILE_PREFIX_HEADER = YES;
				GCC_PREFIX_HEADER = "Calculator/Calculator-Prefix.pch";
				INFOPLIST_FILE = "Calculator/Calculator-Info.plist";
				PRODUCT_NAME = "$(TARGET_NAME)";
				WRAPPER_EXTENSION = app;
			};
			name = Debug;
		};
		4C7F6734160ACB2000F7142F /* Release */ = {
			isa = XCBuildConfiguration;
			buildSettings = {
				GCC_PRECOMPILE_PREFIX_HEADER = YES;
				GCC_PREFIX_HEADER = "Calculator/Calculator-Prefix.pch";
				INFOPLIST_FILE = "Calculator/Calculator-Info.plist";
				PRODUCT_NAME = "$(TARGET_NAME)";
				WRAPPER_EXTENSION = app;
			};
			name = Release;
		};
/* End XCBuildConfiguration section */

/* Begin XCConfigurationList section */
		4C7F670E160ACB2000F7142F /* Build configuration list for PBXProject "Calculator" */ = {
			isa = XCConfigurationList;
			buildConfigurations = (
				4C7F6730160ACB2000F7142F /* Debug */,
				4C7F6731160ACB2000F7142F /* Release */,
			);
			defaultConfigurationIsVisible = 0;
			defaultConfigurationName = Release;
		};
		4C7F6732160ACB2000F7142F /* Build configuration list for PBXNativeTarget "Calculator" */ = {
			isa = XCConfigurationList;
			buildConfigurations = (
				4C7F6733160ACB2000F7142F /* Debug */,
				4C7F6734160ACB2000F7142F /* Release */,
			);
			defaultConfigurationIsVisible = 0;
		};
/* End XCConfigurationList section */
	};
	rootObject = 4C7F670B160ACB2000F7142F /* Project object */;
}
